
Microsoft Visual Studio Solution File, Format Version 12.00
Project("{F184B08F-C81C-45F6-A57F-5ABD9991F28F}") = "Bridge.VB", "Bridge.VB\Bridge.VB.vbproj", "{EF40F8DC-3058-4552-8C8D-13E527E7596C}"
EndProject
Project("{FAE04EC0-301F-11D3-BF4B-00C04F79EFBC}") = "Bridge.Net", "Bridge.Net\Bridge.Net.csproj", "{764F77EF-D1EE-47FF-9618-197C8B6684F4}"
EndProject
Project("{FAE04EC0-301F-11D3-BF4B-00C04F79EFBC}") = "Bridge.Abstraction", "Bridge.Abstraction\Bridge.Abstraction.csproj", "{A9EAA428-6C0C-4A10-8BF9-42D588349D18}"
EndProject
Project("{FAE04EC0-301F-11D3-BF4B-00C04F79EFBC}") = "Bridge", "Bridge\Bridge.csproj", "{582AF621-9AFE-4DEE-A09A-566FA7ED6EBE}"
EndProject
Project("{2150E333-8FDC-42A3-9474-1A3956D46DE8}") = "BridgePattern", "BridgePattern", "{7FDBE0BD-13B2-48B1-B100-EE23A78A11DE}"
EndProject
Project("{2150E333-8FDC-42A3-9474-1A3956D46DE8}") = "CompositePattern", "CompositePattern", "{F9546D8F-52D2-4D73-95C2-3C21C6A6F60E}"
EndProject
Project("{FAE04EC0-301F-11D3-BF4B-00C04F79EFBC}") = "BuildingPlanner", "BuildingPlanner\BuildingPlanner.csproj", "{7C35622B-ED0A-4F85-BE98-1FF3365426FF}"
EndProject
Global
	GlobalSection(SolutionConfigurationPlatforms) = preSolution
		Debug|Any CPU = Debug|Any CPU
		Release|Any CPU = Release|Any CPU
	EndGlobalSection
	GlobalSection(ProjectConfigurationPlatforms) = postSolution
		{EF40F8DC-3058-4552-8C8D-13E527E7596C}.Debug|Any CPU.ActiveCfg = Debug|Any CPU
		{EF40F8DC-3058-4552-8C8D-13E527E7596C}.Debug|Any CPU.Build.0 = Debug|Any CPU
		{EF40F8DC-3058-4552-8C8D-13E527E7596C}.Release|Any CPU.ActiveCfg = Release|Any CPU
		{EF40F8DC-3058-4552-8C8D-13E527E7596C}.Release|Any CPU.Build.0 = Release|Any CPU
		{764F77EF-D1EE-47FF-9618-197C8B6684F4}.Debug|Any CPU.ActiveCfg = Debug|Any CPU
		{764F77EF-D1EE-47FF-9618-197C8B6684F4}.Debug|Any CPU.Build.0 = Debug|Any CPU
		{764F77EF-D1EE-47FF-9618-197C8B6684F4}.Release|Any CPU.ActiveCfg = Release|Any CPU
		{764F77EF-D1EE-47FF-9618-197C8B6684F4}.Release|Any CPU.Build.0 = Release|Any CPU
		{A9EAA428-6C0C-4A10-8BF9-42D588349D18}.Debug|Any CPU.ActiveCfg = Debug|Any CPU
		{A9EAA428-6C0C-4A10-8BF9-42D588349D18}.Debug|Any CPU.Build.0 = Debug|Any CPU
		{A9EAA428-6C0C-4A10-8BF9-42D588349D18}.Release|Any CPU.ActiveCfg = Release|Any CPU
		{A9EAA428-6C0C-4A10-8BF9-42D588349D18}.Release|Any CPU.Build.0 = Release|Any CPU
		{582AF621-9AFE-4DEE-A09A-566FA7ED6EBE}.Debug|Any CPU.ActiveCfg = Debug|Any CPU
		{582AF621-9AFE-4DEE-A09A-566FA7ED6EBE}.Debug|Any CPU.Build.0 = Debug|Any CPU
		{582AF621-9AFE-4DEE-A09A-566FA7ED6EBE}.Release|Any CPU.ActiveCfg = Release|Any CPU
		{582AF621-9AFE-4DEE-A09A-566FA7ED6EBE}.Release|Any CPU.Build.0 = Release|Any CPU
		{7C35622B-ED0A-4F85-BE98-1FF3365426FF}.Debug|Any CPU.ActiveCfg = Debug|Any CPU
		{7C35622B-ED0A-4F85-BE98-1FF3365426FF}.Debug|Any CPU.Build.0 = Debug|Any CPU
		{7C35622B-ED0A-4F85-BE98-1FF3365426FF}.Release|Any CPU.ActiveCfg = Release|Any CPU
		{7C35622B-ED0A-4F85-BE98-1FF3365426FF}.Release|Any CPU.Build.0 = Release|Any CPU
	EndGlobalSection
	GlobalSection(NestedProjects) = preSolution
		{582AF621-9AFE-4DEE-A09A-566FA7ED6EBE} = {7FDBE0BD-13B2-48B1-B100-EE23A78A11DE}
		{A9EAA428-6C0C-4A10-8BF9-42D588349D18} = {7FDBE0BD-13B2-48B1-B100-EE23A78A11DE}
		{764F77EF-D1EE-47FF-9618-197C8B6684F4} = {7FDBE0BD-13B2-48B1-B100-EE23A78A11DE}
		{EF40F8DC-3058-4552-8C8D-13E527E7596C} = {7FDBE0BD-13B2-48B1-B100-EE23A78A11DE}
		{7C35622B-ED0A-4F85-BE98-1FF3365426FF} = {F9546D8F-52D2-4D73-95C2-3C21C6A6F60E}
	EndGlobalSection
EndGlobal
